
Microsoft Visual Studio Solution File, Format Version 12.00
# Visual Studio Version 17
VisualStudioVersion = 17.6.33815.320
MinimumVisualStudioVersion = 10.0.40219.1
Project("{FAE04EC0-301F-11D3-BF4B-00C04F79EFBC}") = "Employee", "Employee\Employee.csproj", "{52450DE3-8B08-4AF6-9589-D3D548439C9C}"
EndProject
Project("{FAE04EC0-301F-11D3-BF4B-00C04F79EFBC}") = "JaggedArrays", "JaggedArrays\JaggedArrays.csproj", "{E08E3B25-8260-4A58-89EA-162BC1BE8EE8}"
EndProject
Project("{FAE04EC0-301F-11D3-BF4B-00C04F79EFBC}") = "EmployeeArray", "EmployeeArray\EmployeeArray.csproj", "{213AEC75-5D50-4C4F-91B6-C8A6C947D971}"
EndProject
Global
	GlobalSection(SolutionConfigurationPlatforms) = preSolution
		Debug|Any CPU = Debug|Any CPU
		Release|Any CPU = Release|Any CPU
	EndGlobalSection
	GlobalSection(ProjectConfigurationPlatforms) = postSolution
		{52450DE3-8B08-4AF6-9589-D3D548439C9C}.Debug|Any CPU.ActiveCfg = Debug|Any CPU
		{52450DE3-8B08-4AF6-9589-D3D548439C9C}.Debug|Any CPU.Build.0 = Debug|Any CPU
		{52450DE3-8B08-4AF6-9589-D3D548439C9C}.Release|Any CPU.ActiveCfg = Release|Any CPU
		{52450DE3-8B08-4AF6-9589-D3D548439C9C}.Release|Any CPU.Build.0 = Release|Any CPU
		{E08E3B25-8260-4A58-89EA-162BC1BE8EE8}.Debug|Any CPU.ActiveCfg = Debug|Any CPU
		{E08E3B25-8260-4A58-89EA-162BC1BE8EE8}.Debug|Any CPU.Build.0 = Debug|Any CPU
		{E08E3B25-8260-4A58-89EA-162BC1BE8EE8}.Release|Any CPU.ActiveCfg = Release|Any CPU
		{E08E3B25-8260-4A58-89EA-162BC1BE8EE8}.Release|Any CPU.Build.0 = Release|Any CPU
		{213AEC75-5D50-4C4F-91B6-C8A6C947D971}.Debug|Any CPU.ActiveCfg = Debug|Any CPU
		{213AEC75-5D50-4C4F-91B6-C8A6C947D971}.Debug|Any CPU.Build.0 = Debug|Any CPU
		{213AEC75-5D50-4C4F-91B6-C8A6C947D971}.Release|Any CPU.ActiveCfg = Release|Any CPU
		{213AEC75-5D50-4C4F-91B6-C8A6C947D971}.Release|Any CPU.Build.0 = Release|Any CPU
	EndGlobalSection
	GlobalSection(SolutionProperties) = preSolution
		HideSolutionNode = FALSE
	EndGlobalSection
	GlobalSection(ExtensibilityGlobals) = postSolution
		SolutionGuid = {F7B183DC-5F8F-4A59-9FE8-F8AFB1FE65B4}
	EndGlobalSection
EndGlobal
